{
  "lockfile_version": "1",
  "packages": {
    "asdf-vm@latest": {
      "last_modified": "2024-03-22T11:26:23Z",
      "resolved": "github:NixOS/nixpkgs/a3ed7406349a9335cb4c2a71369b697cecd9d351#asdf-vm",
      "source": "devbox-search",
      "version": "0.14.0",
      "systems": {
        "aarch64-darwin": {
          "store_path": "/nix/store/nrdj129d5fgpw9wfbwvgcws7837k6ks6-asdf-vm-0.14.0"
        },
        "aarch64-linux": {
          "store_path": "/nix/store/qnkj59bdgh7sd4wr07gqr3w0mbjsz64j-asdf-vm-0.14.0"
        },
        "x86_64-darwin": {
          "store_path": "/nix/store/1xnrfldqry9dgq80pzqlq1iwiczsvqh6-asdf-vm-0.14.0"
        },
        "x86_64-linux": {
          "store_path": "/nix/store/b8r2z4pwhy1p4qfcxg67vclafz3vniiz-asdf-vm-0.14.0"
        }
      }
    },
    "docker@latest": {
      "last_modified": "2024-03-25T12:46:37Z",
      "resolved": "github:NixOS/nixpkgs/c726225724e681b3626acc941c6f95d2b0602087#docker",
      "source": "devbox-search",
      "version": "24.0.5",
      "systems": {
        "aarch64-darwin": {
          "store_path": "/nix/store/7w9lk9nnxd1r6mqzjd3lf5grxlv6wps8-docker-24.0.5"
        },
        "aarch64-linux": {
          "store_path": "/nix/store/mlld9mk19i95qy86aqsxx66lcjn80425-docker-24.0.5"
        },
        "x86_64-darwin": {
          "store_path": "/nix/store/dah1dkdfi11bai33iy2cb2bzy5b1lf5d-docker-24.0.5"
        },
        "x86_64-linux": {
          "store_path": "/nix/store/2fg8vp4ll37g493li008sxixaqs54wwf-docker-24.0.5"
        }
      }
    },
    "gh@latest": {
      "last_modified": "2024-03-22T11:26:23Z",
      "resolved": "github:NixOS/nixpkgs/a3ed7406349a9335cb4c2a71369b697cecd9d351#gh",
      "source": "devbox-search",
      "version": "2.46.0",
      "systems": {
        "aarch64-darwin": {
          "store_path": "/nix/store/lxz3z6qdrkszz8v5xp77xa20cv8q7fdj-gh-2.46.0"
        },
        "aarch64-linux": {
          "store_path": "/nix/store/71ckv4vlahg0h5xrc384n1rh9f92kn7k-gh-2.46.0"
        },
        "x86_64-darwin": {
          "store_path": "/nix/store/jfhaync1xvyigrk0gg3x5i6wqnabpbwy-gh-2.46.0"
        },
        "x86_64-linux": {
          "store_path": "/nix/store/pbz07yhi7rfr677b4jy97zvajmkpxyk2-gh-2.46.0"
        }
      }
    },
    "git@latest": {
      "last_modified": "2024-03-22T11:26:23Z",
      "resolved": "github:NixOS/nixpkgs/a3ed7406349a9335cb4c2a71369b697cecd9d351#git",
      "source": "devbox-search",
      "version": "2.44.0",
      "systems": {
        "aarch64-darwin": {
          "store_path": "/nix/store/yrd3xalm6j7pnk55h3xpj91bqdlm33bl-git-2.44.0"
        },
        "aarch64-linux": {
          "store_path": "/nix/store/3y08c4f6nkzz6q4hd3rrm21sdqygm1ha-git-2.44.0"
        },
        "x86_64-darwin": {
          "store_path": "/nix/store/f2rq8zm0069750ph9vi5x4vvcqgvb3cx-git-2.44.0"
        },
        "x86_64-linux": {
          "store_path": "/nix/store/bd0dcc9qzpfz5xfz7fm6cwf7q64cyfhi-git-2.44.0"
        }
      }
    },
    "gnumake@latest": {
      "last_modified": "2024-03-22T11:26:23Z",
      "resolved": "github:NixOS/nixpkgs/a3ed7406349a9335cb4c2a71369b697cecd9d351#gnumake",
      "source": "devbox-search",
      "version": "4.4.1",
      "systems": {
        "aarch64-darwin": {
          "store_path": "/nix/store/d9wnf8z9xpl90kghagl5jh3lncqc893q-gnumake-4.4.1"
        },
        "aarch64-linux": {
          "store_path": "/nix/store/fff78x6lxmsmhzkcijpia3pac6gy2hfs-gnumake-4.4.1"
        },
        "x86_64-darwin": {
          "store_path": "/nix/store/224fzspjyx3mwc050v2bi9bikiq3h417-gnumake-4.4.1"
        },
        "x86_64-linux": {
          "store_path": "/nix/store/x1aqq14561lsgck9ii5dfibpf58jy7d9-gnumake-4.4.1"
        }
      }
    },
    "go-task@latest": {
      "last_modified": "2024-03-22T11:26:23Z",
      "resolved": "github:NixOS/nixpkgs/a3ed7406349a9335cb4c2a71369b697cecd9d351#go-task",
      "source": "devbox-search",
      "version": "3.35.1",
      "systems": {
        "aarch64-darwin": {
          "store_path": "/nix/store/8xlnzmvkpj03yw5xmsm6acz8w0rd3cr7-go-task-3.35.1"
        },
        "aarch64-linux": {
          "store_path": "/nix/store/n0gjrdfrjj5pxirp3v6w9qdw3r8d076r-go-task-3.35.1"
        },
        "x86_64-darwin": {
          "store_path": "/nix/store/9a8myn2zjl17ws0h7pgw210mwvgd6dm8-go-task-3.35.1"
        },
        "x86_64-linux": {
          "store_path": "/nix/store/1xb7vmm16bhlq12lk1q3fhkcypv2p9kb-go-task-3.35.1"
        }
      }
    },
    "nodejs@21.4.0": {
      "last_modified": "2023-12-18T02:58:18Z",
      "plugin_version": "0.0.2",
      "resolved": "github:NixOS/nixpkgs/ca16221251951e9c6261a1a2bb4f9389038d3632#nodejs_21",
      "source": "devbox-search",
      "version": "21.4.0",
      "systems": {
        "aarch64-darwin": {
          "store_path": "/nix/store/m9dw902f3qmlyd1k79fnkpdpbbgmiq5p-nodejs-21.4.0"
        },
        "aarch64-linux": {
          "store_path": "/nix/store/jcyq7h968yazllrvf432lrx5qfibdr66-nodejs-21.4.0"
        },
        "x86_64-darwin": {
          "store_path": "/nix/store/wri9fd1rhd708z3k48vp60kx39l8nl04-nodejs-21.4.0"
        },
        "x86_64-linux": {
          "store_path": "/nix/store/p3mbsd6dn6qxy7s7svmahb99m95cwk39-nodejs-21.4.0"
        }
      }
    },
    "openssl@latest": {
      "last_modified": "2024-03-29T12:35:36Z",
      "resolved": "github:NixOS/nixpkgs/807c549feabce7eddbf259dbdcec9e0600a0660d#openssl",
      "source": "devbox-search",
      "version": "3.0.13",
      "systems": {
        "aarch64-darwin": {
          "store_path": "/nix/store/0jcghmfbj8diqjgwdqr7k883qj0aqnyp-openssl-3.0.13-bin"
        },
        "aarch64-linux": {
          "store_path": "/nix/store/gg1m2yfayycj0p1njlp37glppa67qbjj-openssl-3.0.13-bin"
        },
        "x86_64-darwin": {
          "store_path": "/nix/store/0sg2ixg4hnlxkfw73drvv4a2p2ysk5rp-openssl-3.0.13-bin"
        },
        "x86_64-linux": {
          "store_path": "/nix/store/gvad6v0cmq1qccmc4wphsazqbj0xzjsl-openssl-3.0.13-bin"
        }
      }
    },
    "poetry@latest": {
      "last_modified": "2024-03-27T09:47:59Z",
      "plugin_version": "0.0.4",
      "resolved": "github:NixOS/nixpkgs/2230a20f2b5a14f2db3d7f13a2dc3c22517e790b#poetry",
      "source": "devbox-search",
      "version": "1.8.2",
      "systems": {
        "aarch64-darwin": {
          "store_path": "/nix/store/sxm956wyswz684jd0pjw90smkzx8bkp0-python3.11-poetry-1.8.2"
        },
        "aarch64-linux": {
          "store_path": "/nix/store/v96slz1l77q5d9in5kxsps9l4aj80zsk-python3.11-poetry-1.8.2"
        },
        "x86_64-darwin": {
          "store_path": "/nix/store/y9026al6rl8mgc3w36g1rqv7m1zh0abh-python3.11-poetry-1.8.2"
        },
        "x86_64-linux": {
          "store_path": "/nix/store/sn04pbb9nlaiwr65wiggivwwc9mm8srl-python3.11-poetry-1.8.2"
        }
      }
    },
    "pre-commit": {
      "resolved": "github:NixOS/nixpkgs/75a52265bda7fd25e06e3a67dee3f0354e73243c#pre-commit",
      "source": "nixpkg"
    },
    "python311Packages.pip@latest": {
      "last_modified": "2024-03-22T11:26:23Z",
      "plugin_version": "0.0.2",
      "resolved": "github:NixOS/nixpkgs/a3ed7406349a9335cb4c2a71369b697cecd9d351#python311Packages.pip",
      "source": "devbox-search",
      "version": "24.0",
      "systems": {
        "aarch64-darwin": {
          "store_path": "/nix/store/ywyg311x8ylfphg35b4rvn48npszk7k9-python3.11-pip-24.0"
        },
        "aarch64-linux": {
          "store_path": "/nix/store/sin1rm4v0s7ww766qycngss8zf8srs8a-python3.11-pip-24.0"
        },
        "x86_64-darwin": {
          "store_path": "/nix/store/s9cyvvk1h2jqjv9yplwaahzdqsr8c0y8-python3.11-pip-24.0"
        },
        "x86_64-linux": {
          "store_path": "/nix/store/ns7zsm9q0ndgaq4zfjzqza6bhk19m1jn-python3.11-pip-24.0"
        }
      }
    },
    "python@3.11.7": {
      "last_modified": "2024-02-10T18:15:24Z",
      "plugin_version": "0.0.3",
      "resolved": "github:NixOS/nixpkgs/10b813040df67c4039086db0f6eaf65c536886c6#python3",
      "source": "devbox-search",
      "version": "3.11.7",
      "systems": {
        "aarch64-darwin": {
          "store_path": "/nix/store/flkpbg20pfzfa9f2lwzrzjl718i2ccw7-python3-3.11.7"
        },
        "aarch64-linux": {
          "store_path": "/nix/store/xg7f3xg4l3w4apmialnid8lm61jdrf57-python3-3.11.7"
        },
        "x86_64-darwin": {
          "store_path": "/nix/store/pwr22740f2pv36q5g28l1gjdg1bw43zm-python3-3.11.7"
        },
        "x86_64-linux": {
          "store_path": "/nix/store/y027d3bvlaizbri04c1bzh28hqd6lj01-python3-3.11.7"
        }
      }
    }
  }
}
